
Microsoft Visual Studio Solution File, Format Version 12.00
# Visual Studio Version 16
VisualStudioVersion = 16.0.31911.196
MinimumVisualStudioVersion = 10.0.40219.1
Project("{FAE04EC0-301F-11D3-BF4B-00C04F79EFBC}") = "uri_1000", "uri_1000\uri_1000.csproj", "{0F7335F7-47AB-4F7F-8EFB-F8AD9A5FD090}"
EndProject
Project("{FAE04EC0-301F-11D3-BF4B-00C04F79EFBC}") = "uri_1001", "uri_1001\uri_1001.csproj", "{B1C7E561-BF38-4303-AE34-33E26A9493D9}"
EndProject
Project("{FAE04EC0-301F-11D3-BF4B-00C04F79EFBC}") = "uri_1002", "uri_1002\uri_1002.csproj", "{2CC0C199-2420-4267-A6BD-368867631217}"
EndProject
Project("{FAE04EC0-301F-11D3-BF4B-00C04F79EFBC}") = "uri_1003", "uri_1003\uri_1003.csproj", "{496A872A-5384-49D5-AD6A-5E25B2C6F4B8}"
EndProject
Project("{FAE04EC0-301F-11D3-BF4B-00C04F79EFBC}") = "uri_1004", "uri_1004\uri_1004.csproj", "{7394E246-4D6F-4FE4-8BC9-1A928198E06E}"
EndProject
Project("{FAE04EC0-301F-11D3-BF4B-00C04F79EFBC}") = "uri_1005", "uri_1005\uri_1005.csproj", "{C4D11A1E-07DE-4981-B405-8CCB43867745}"
EndProject
Project("{FAE04EC0-301F-11D3-BF4B-00C04F79EFBC}") = "uri_1006", "uri_1006\uri_1006.csproj", "{BA9FE3B5-33BD-48D0-B40D-8138E1A59BFC}"
EndProject
Project("{FAE04EC0-301F-11D3-BF4B-00C04F79EFBC}") = "uri_1007", "uri_1007\uri_1007.csproj", "{42853652-549D-4125-92BE-2E3B75DC7B7F}"
EndProject
Project("{FAE04EC0-301F-11D3-BF4B-00C04F79EFBC}") = "uri_1008", "uri_1008\uri_1008.csproj", "{838C5F40-B6BA-47E8-A969-8E78B4CA5EC8}"
EndProject
Global
	GlobalSection(SolutionConfigurationPlatforms) = preSolution
		Debug|Any CPU = Debug|Any CPU
		Release|Any CPU = Release|Any CPU
	EndGlobalSection
	GlobalSection(ProjectConfigurationPlatforms) = postSolution
		{0F7335F7-47AB-4F7F-8EFB-F8AD9A5FD090}.Debug|Any CPU.ActiveCfg = Debug|Any CPU
		{0F7335F7-47AB-4F7F-8EFB-F8AD9A5FD090}.Debug|Any CPU.Build.0 = Debug|Any CPU
		{0F7335F7-47AB-4F7F-8EFB-F8AD9A5FD090}.Release|Any CPU.ActiveCfg = Release|Any CPU
		{0F7335F7-47AB-4F7F-8EFB-F8AD9A5FD090}.Release|Any CPU.Build.0 = Release|Any CPU
		{B1C7E561-BF38-4303-AE34-33E26A9493D9}.Debug|Any CPU.ActiveCfg = Debug|Any CPU
		{B1C7E561-BF38-4303-AE34-33E26A9493D9}.Debug|Any CPU.Build.0 = Debug|Any CPU
		{B1C7E561-BF38-4303-AE34-33E26A9493D9}.Release|Any CPU.ActiveCfg = Release|Any CPU
		{B1C7E561-BF38-4303-AE34-33E26A9493D9}.Release|Any CPU.Build.0 = Release|Any CPU
		{2CC0C199-2420-4267-A6BD-368867631217}.Debug|Any CPU.ActiveCfg = Debug|Any CPU
		{2CC0C199-2420-4267-A6BD-368867631217}.Debug|Any CPU.Build.0 = Debug|Any CPU
		{2CC0C199-2420-4267-A6BD-368867631217}.Release|Any CPU.ActiveCfg = Release|Any CPU
		{2CC0C199-2420-4267-A6BD-368867631217}.Release|Any CPU.Build.0 = Release|Any CPU
		{496A872A-5384-49D5-AD6A-5E25B2C6F4B8}.Debug|Any CPU.ActiveCfg = Debug|Any CPU
		{496A872A-5384-49D5-AD6A-5E25B2C6F4B8}.Debug|Any CPU.Build.0 = Debug|Any CPU
		{496A872A-5384-49D5-AD6A-5E25B2C6F4B8}.Release|Any CPU.ActiveCfg = Release|Any CPU
		{496A872A-5384-49D5-AD6A-5E25B2C6F4B8}.Release|Any CPU.Build.0 = Release|Any CPU
		{7394E246-4D6F-4FE4-8BC9-1A928198E06E}.Debug|Any CPU.ActiveCfg = Debug|Any CPU
		{7394E246-4D6F-4FE4-8BC9-1A928198E06E}.Debug|Any CPU.Build.0 = Debug|Any CPU
		{7394E246-4D6F-4FE4-8BC9-1A928198E06E}.Release|Any CPU.ActiveCfg = Release|Any CPU
		{7394E246-4D6F-4FE4-8BC9-1A928198E06E}.Release|Any CPU.Build.0 = Release|Any CPU
		{C4D11A1E-07DE-4981-B405-8CCB43867745}.Debug|Any CPU.ActiveCfg = Debug|Any CPU
		{C4D11A1E-07DE-4981-B405-8CCB43867745}.Debug|Any CPU.Build.0 = Debug|Any CPU
		{C4D11A1E-07DE-4981-B405-8CCB43867745}.Release|Any CPU.ActiveCfg = Release|Any CPU
		{C4D11A1E-07DE-4981-B405-8CCB43867745}.Release|Any CPU.Build.0 = Release|Any CPU
		{BA9FE3B5-33BD-48D0-B40D-8138E1A59BFC}.Debug|Any CPU.ActiveCfg = Debug|Any CPU
		{BA9FE3B5-33BD-48D0-B40D-8138E1A59BFC}.Debug|Any CPU.Build.0 = Debug|Any CPU
		{BA9FE3B5-33BD-48D0-B40D-8138E1A59BFC}.Release|Any CPU.ActiveCfg = Release|Any CPU
		{BA9FE3B5-33BD-48D0-B40D-8138E1A59BFC}.Release|Any CPU.Build.0 = Release|Any CPU
		{42853652-549D-4125-92BE-2E3B75DC7B7F}.Debug|Any CPU.ActiveCfg = Debug|Any CPU
		{42853652-549D-4125-92BE-2E3B75DC7B7F}.Debug|Any CPU.Build.0 = Debug|Any CPU
		{42853652-549D-4125-92BE-2E3B75DC7B7F}.Release|Any CPU.ActiveCfg = Release|Any CPU
		{42853652-549D-4125-92BE-2E3B75DC7B7F}.Release|Any CPU.Build.0 = Release|Any CPU
		{838C5F40-B6BA-47E8-A969-8E78B4CA5EC8}.Debug|Any CPU.ActiveCfg = Debug|Any CPU
		{838C5F40-B6BA-47E8-A969-8E78B4CA5EC8}.Debug|Any CPU.Build.0 = Debug|Any CPU
		{838C5F40-B6BA-47E8-A969-8E78B4CA5EC8}.Release|Any CPU.ActiveCfg = Release|Any CPU
		{838C5F40-B6BA-47E8-A969-8E78B4CA5EC8}.Release|Any CPU.Build.0 = Release|Any CPU
	EndGlobalSection
	GlobalSection(SolutionProperties) = preSolution
		HideSolutionNode = FALSE
	EndGlobalSection
	GlobalSection(ExtensibilityGlobals) = postSolution
		SolutionGuid = {2EE30CA2-C11E-4E6F-B35F-875A612AD8D6}
	EndGlobalSection
EndGlobal
