
Microsoft Visual Studio Solution File, Format Version 12.00
# Visual Studio Version 16
VisualStudioVersion = 16.0.31911.196
MinimumVisualStudioVersion = 10.0.40219.1
Project("{9A19103F-16F7-4668-BE54-9A1E7A4F7556}") = "uri_1000", "uri_1000\uri_1000.csproj", "{0F7335F7-47AB-4F7F-8EFB-F8AD9A5FD090}"
EndProject
Project("{9A19103F-16F7-4668-BE54-9A1E7A4F7556}") = "uri_1001", "uri_1001\uri_1001.csproj", "{B1C7E561-BF38-4303-AE34-33E26A9493D9}"
EndProject
Project("{9A19103F-16F7-4668-BE54-9A1E7A4F7556}") = "uri_1002", "uri_1002\uri_1002.csproj", "{2CC0C199-2420-4267-A6BD-368867631217}"
EndProject
Project("{9A19103F-16F7-4668-BE54-9A1E7A4F7556}") = "uri_1003", "uri_1003\uri_1003.csproj", "{496A872A-5384-49D5-AD6A-5E25B2C6F4B8}"
EndProject
Project("{9A19103F-16F7-4668-BE54-9A1E7A4F7556}") = "uri_1004", "uri_1004\uri_1004.csproj", "{7394E246-4D6F-4FE4-8BC9-1A928198E06E}"
EndProject
Project("{9A19103F-16F7-4668-BE54-9A1E7A4F7556}") = "uri_1005", "uri_1005\uri_1005.csproj", "{C4D11A1E-07DE-4981-B405-8CCB43867745}"
EndProject
Project("{9A19103F-16F7-4668-BE54-9A1E7A4F7556}") = "uri_1006", "uri_1006\uri_1006.csproj", "{BA9FE3B5-33BD-48D0-B40D-8138E1A59BFC}"
EndProject
Project("{9A19103F-16F7-4668-BE54-9A1E7A4F7556}") = "uri_1007", "uri_1007\uri_1007.csproj", "{42853652-549D-4125-92BE-2E3B75DC7B7F}"
EndProject
Project("{9A19103F-16F7-4668-BE54-9A1E7A4F7556}") = "uri_1008", "uri_1008\uri_1008.csproj", "{838C5F40-B6BA-47E8-A969-8E78B4CA5EC8}"
EndProject
Project("{9A19103F-16F7-4668-BE54-9A1E7A4F7556}") = "uri_1009", "uri_1009\uri_1009.csproj", "{90E6BF5B-F7C1-4329-AA11-03D7FFA27C6B}"
EndProject
Project("{9A19103F-16F7-4668-BE54-9A1E7A4F7556}") = "uri_1010", "uri_1010\uri_1010.csproj", "{17635CE6-1E77-46FE-8F26-00B11EDED43C}"
EndProject
Project("{9A19103F-16F7-4668-BE54-9A1E7A4F7556}") = "uri_1011", "uri_1011\uri_1011.csproj", "{D01E5EFF-2EFF-45E8-8792-F3D88A0584CE}"
EndProject
Project("{9A19103F-16F7-4668-BE54-9A1E7A4F7556}") = "uri_1012", "uri_1012\uri_1012.csproj", "{506E74AC-B534-4F58-8AF9-B82F996599E2}"
EndProject
Project("{9A19103F-16F7-4668-BE54-9A1E7A4F7556}") = "uri_1013", "uri_1013\uri_1013.csproj", "{2FD40400-8CA6-4F97-8042-7B9762584174}"
EndProject
Project("{9A19103F-16F7-4668-BE54-9A1E7A4F7556}") = "uri_1014", "uri_1014\uri_1014.csproj", "{C1F1027C-824C-4EBE-BDE7-FC317E2A55A8}"
EndProject
Project("{9A19103F-16F7-4668-BE54-9A1E7A4F7556}") = "uri_1015", "uri_1015\uri_1015.csproj", "{A29318FF-65D1-44D9-B9BC-63BFB1396EF3}"
EndProject
Project("{9A19103F-16F7-4668-BE54-9A1E7A4F7556}") = "uri_1016", "uri_1016\uri_1016.csproj", "{C1E14F6E-2209-448C-851A-BCEE9C0180A9}"
EndProject
Project("{9A19103F-16F7-4668-BE54-9A1E7A4F7556}") = "uri_1017", "uri_1017\uri_1017.csproj", "{82798120-B454-4067-AD57-4C431C73D307}"
EndProject
Project("{9A19103F-16F7-4668-BE54-9A1E7A4F7556}") = "uri_1018", "uri_1018\uri_1018.csproj", "{FB00F6C8-2C12-40AC-8A03-9F14390BD390}"
EndProject
Project("{9A19103F-16F7-4668-BE54-9A1E7A4F7556}") = "uri_1019", "uri_1019\uri_1019.csproj", "{C88FB1D2-189B-4BB3-9474-ADB46A27A01E}"
EndProject
Project("{9A19103F-16F7-4668-BE54-9A1E7A4F7556}") = "uri_1020", "uri_1020\uri_1020.csproj", "{9786C209-1A20-4BF5-8603-A469A26EFB1D}"
EndProject
Project("{9A19103F-16F7-4668-BE54-9A1E7A4F7556}") = "uri_1021", "uri_1021\uri_1021.csproj", "{A3A2F250-90C7-4E45-B711-9977E24B705B}"
EndProject
Project("{9A19103F-16F7-4668-BE54-9A1E7A4F7556}") = "uri_1022", "uri_1022\uri_1022.csproj", "{127C0B6E-C86D-4297-AF94-A5910360598E}"
EndProject
Project("{9A19103F-16F7-4668-BE54-9A1E7A4F7556}") = "uri_1023", "uri_1023\uri_1023.csproj", "{FBEF6C46-3209-46A2-8EBF-7C48EE362725}"
EndProject
Project("{9A19103F-16F7-4668-BE54-9A1E7A4F7556}") = "uri_1024", "uri_1024\uri_1024.csproj", "{EB92564B-D20A-40F0-A301-430656DCA25A}"
EndProject
Project("{9A19103F-16F7-4668-BE54-9A1E7A4F7556}") = "uri_1025", "uri_1025\uri_1025.csproj", "{43433B6B-FC89-4A54-8707-7E77680A4B73}"
EndProject
Project("{FAE04EC0-301F-11D3-BF4B-00C04F79EFBC}") = "uri_1035", "uri_1035\uri_1035.csproj", "{223C8BB5-6AE5-4F58-AE78-E571EA83FCE3}"
EndProject
Project("{FAE04EC0-301F-11D3-BF4B-00C04F79EFBC}") = "uri_1036", "uri_1036\uri_1036.csproj", "{8EDA805C-9CD9-4C60-973A-4EC155C5330B}"
EndProject
Project("{FAE04EC0-301F-11D3-BF4B-00C04F79EFBC}") = "uri_1038", "uri_1038\uri_1038.csproj", "{C11B5B01-28D5-4E8B-B3C0-1E9C6895DD31}"
EndProject
Project("{FAE04EC0-301F-11D3-BF4B-00C04F79EFBC}") = "uri_1040", "uri_1040\uri_1040.csproj", "{BB59443E-55A2-46FF-A9FB-956A18544392}"
EndProject
Project("{FAE04EC0-301F-11D3-BF4B-00C04F79EFBC}") = "uri_1041", "uri_1041\uri_1041.csproj", "{7F63E6C1-E6A4-47CF-8336-88F94993BE05}"
EndProject
Project("{FAE04EC0-301F-11D3-BF4B-00C04F79EFBC}") = "uri_1042", "uri_1042\uri_1042.csproj", "{8491500F-233A-4862-A06D-0A5F3648208F}"
EndProject
Project("{FAE04EC0-301F-11D3-BF4B-00C04F79EFBC}") = "uri_1043", "uri_1043\uri_1043.csproj", "{0A112748-C822-4407-A93D-F9C04683222D}"
EndProject
Project("{FAE04EC0-301F-11D3-BF4B-00C04F79EFBC}") = "uri_1044", "uri_1044\uri_1044.csproj", "{C073B21F-992A-4A61-B7E1-5D8221305EE0}"
EndProject
Project("{FAE04EC0-301F-11D3-BF4B-00C04F79EFBC}") = "uri_1037", "uri_1037\uri_1037.csproj", "{9F1129A0-2938-4A7F-9EB1-B27347DD2CB3}"
EndProject
Global
	GlobalSection(SolutionConfigurationPlatforms) = preSolution
		Debug|Any CPU = Debug|Any CPU
		Release|Any CPU = Release|Any CPU
	EndGlobalSection
	GlobalSection(ProjectConfigurationPlatforms) = postSolution
		{0F7335F7-47AB-4F7F-8EFB-F8AD9A5FD090}.Debug|Any CPU.ActiveCfg = Debug|Any CPU
		{0F7335F7-47AB-4F7F-8EFB-F8AD9A5FD090}.Debug|Any CPU.Build.0 = Debug|Any CPU
		{0F7335F7-47AB-4F7F-8EFB-F8AD9A5FD090}.Release|Any CPU.ActiveCfg = Release|Any CPU
		{0F7335F7-47AB-4F7F-8EFB-F8AD9A5FD090}.Release|Any CPU.Build.0 = Release|Any CPU
		{B1C7E561-BF38-4303-AE34-33E26A9493D9}.Debug|Any CPU.ActiveCfg = Debug|Any CPU
		{B1C7E561-BF38-4303-AE34-33E26A9493D9}.Debug|Any CPU.Build.0 = Debug|Any CPU
		{B1C7E561-BF38-4303-AE34-33E26A9493D9}.Release|Any CPU.ActiveCfg = Release|Any CPU
		{B1C7E561-BF38-4303-AE34-33E26A9493D9}.Release|Any CPU.Build.0 = Release|Any CPU
		{2CC0C199-2420-4267-A6BD-368867631217}.Debug|Any CPU.ActiveCfg = Debug|Any CPU
		{2CC0C199-2420-4267-A6BD-368867631217}.Debug|Any CPU.Build.0 = Debug|Any CPU
		{2CC0C199-2420-4267-A6BD-368867631217}.Release|Any CPU.ActiveCfg = Release|Any CPU
		{2CC0C199-2420-4267-A6BD-368867631217}.Release|Any CPU.Build.0 = Release|Any CPU
		{496A872A-5384-49D5-AD6A-5E25B2C6F4B8}.Debug|Any CPU.ActiveCfg = Debug|Any CPU
		{496A872A-5384-49D5-AD6A-5E25B2C6F4B8}.Debug|Any CPU.Build.0 = Debug|Any CPU
		{496A872A-5384-49D5-AD6A-5E25B2C6F4B8}.Release|Any CPU.ActiveCfg = Release|Any CPU
		{496A872A-5384-49D5-AD6A-5E25B2C6F4B8}.Release|Any CPU.Build.0 = Release|Any CPU
		{7394E246-4D6F-4FE4-8BC9-1A928198E06E}.Debug|Any CPU.ActiveCfg = Debug|Any CPU
		{7394E246-4D6F-4FE4-8BC9-1A928198E06E}.Debug|Any CPU.Build.0 = Debug|Any CPU
		{7394E246-4D6F-4FE4-8BC9-1A928198E06E}.Release|Any CPU.ActiveCfg = Release|Any CPU
		{7394E246-4D6F-4FE4-8BC9-1A928198E06E}.Release|Any CPU.Build.0 = Release|Any CPU
		{C4D11A1E-07DE-4981-B405-8CCB43867745}.Debug|Any CPU.ActiveCfg = Debug|Any CPU
		{C4D11A1E-07DE-4981-B405-8CCB43867745}.Debug|Any CPU.Build.0 = Debug|Any CPU
		{C4D11A1E-07DE-4981-B405-8CCB43867745}.Release|Any CPU.ActiveCfg = Release|Any CPU
		{C4D11A1E-07DE-4981-B405-8CCB43867745}.Release|Any CPU.Build.0 = Release|Any CPU
		{BA9FE3B5-33BD-48D0-B40D-8138E1A59BFC}.Debug|Any CPU.ActiveCfg = Debug|Any CPU
		{BA9FE3B5-33BD-48D0-B40D-8138E1A59BFC}.Debug|Any CPU.Build.0 = Debug|Any CPU
		{BA9FE3B5-33BD-48D0-B40D-8138E1A59BFC}.Release|Any CPU.ActiveCfg = Release|Any CPU
		{BA9FE3B5-33BD-48D0-B40D-8138E1A59BFC}.Release|Any CPU.Build.0 = Release|Any CPU
		{42853652-549D-4125-92BE-2E3B75DC7B7F}.Debug|Any CPU.ActiveCfg = Debug|Any CPU
		{42853652-549D-4125-92BE-2E3B75DC7B7F}.Debug|Any CPU.Build.0 = Debug|Any CPU
		{42853652-549D-4125-92BE-2E3B75DC7B7F}.Release|Any CPU.ActiveCfg = Release|Any CPU
		{42853652-549D-4125-92BE-2E3B75DC7B7F}.Release|Any CPU.Build.0 = Release|Any CPU
		{838C5F40-B6BA-47E8-A969-8E78B4CA5EC8}.Debug|Any CPU.ActiveCfg = Debug|Any CPU
		{838C5F40-B6BA-47E8-A969-8E78B4CA5EC8}.Debug|Any CPU.Build.0 = Debug|Any CPU
		{838C5F40-B6BA-47E8-A969-8E78B4CA5EC8}.Release|Any CPU.ActiveCfg = Release|Any CPU
		{838C5F40-B6BA-47E8-A969-8E78B4CA5EC8}.Release|Any CPU.Build.0 = Release|Any CPU
		{90E6BF5B-F7C1-4329-AA11-03D7FFA27C6B}.Debug|Any CPU.ActiveCfg = Debug|Any CPU
		{90E6BF5B-F7C1-4329-AA11-03D7FFA27C6B}.Debug|Any CPU.Build.0 = Debug|Any CPU
		{90E6BF5B-F7C1-4329-AA11-03D7FFA27C6B}.Release|Any CPU.ActiveCfg = Release|Any CPU
		{90E6BF5B-F7C1-4329-AA11-03D7FFA27C6B}.Release|Any CPU.Build.0 = Release|Any CPU
		{17635CE6-1E77-46FE-8F26-00B11EDED43C}.Debug|Any CPU.ActiveCfg = Debug|Any CPU
		{17635CE6-1E77-46FE-8F26-00B11EDED43C}.Debug|Any CPU.Build.0 = Debug|Any CPU
		{17635CE6-1E77-46FE-8F26-00B11EDED43C}.Release|Any CPU.ActiveCfg = Release|Any CPU
		{17635CE6-1E77-46FE-8F26-00B11EDED43C}.Release|Any CPU.Build.0 = Release|Any CPU
		{D01E5EFF-2EFF-45E8-8792-F3D88A0584CE}.Debug|Any CPU.ActiveCfg = Debug|Any CPU
		{D01E5EFF-2EFF-45E8-8792-F3D88A0584CE}.Debug|Any CPU.Build.0 = Debug|Any CPU
		{D01E5EFF-2EFF-45E8-8792-F3D88A0584CE}.Release|Any CPU.ActiveCfg = Release|Any CPU
		{D01E5EFF-2EFF-45E8-8792-F3D88A0584CE}.Release|Any CPU.Build.0 = Release|Any CPU
		{506E74AC-B534-4F58-8AF9-B82F996599E2}.Debug|Any CPU.ActiveCfg = Debug|Any CPU
		{506E74AC-B534-4F58-8AF9-B82F996599E2}.Debug|Any CPU.Build.0 = Debug|Any CPU
		{506E74AC-B534-4F58-8AF9-B82F996599E2}.Release|Any CPU.ActiveCfg = Release|Any CPU
		{506E74AC-B534-4F58-8AF9-B82F996599E2}.Release|Any CPU.Build.0 = Release|Any CPU
		{2FD40400-8CA6-4F97-8042-7B9762584174}.Debug|Any CPU.ActiveCfg = Debug|Any CPU
		{2FD40400-8CA6-4F97-8042-7B9762584174}.Debug|Any CPU.Build.0 = Debug|Any CPU
		{2FD40400-8CA6-4F97-8042-7B9762584174}.Release|Any CPU.ActiveCfg = Release|Any CPU
		{2FD40400-8CA6-4F97-8042-7B9762584174}.Release|Any CPU.Build.0 = Release|Any CPU
		{C1F1027C-824C-4EBE-BDE7-FC317E2A55A8}.Debug|Any CPU.ActiveCfg = Debug|Any CPU
		{C1F1027C-824C-4EBE-BDE7-FC317E2A55A8}.Debug|Any CPU.Build.0 = Debug|Any CPU
		{C1F1027C-824C-4EBE-BDE7-FC317E2A55A8}.Release|Any CPU.ActiveCfg = Release|Any CPU
		{C1F1027C-824C-4EBE-BDE7-FC317E2A55A8}.Release|Any CPU.Build.0 = Release|Any CPU
		{A29318FF-65D1-44D9-B9BC-63BFB1396EF3}.Debug|Any CPU.ActiveCfg = Debug|Any CPU
		{A29318FF-65D1-44D9-B9BC-63BFB1396EF3}.Debug|Any CPU.Build.0 = Debug|Any CPU
		{A29318FF-65D1-44D9-B9BC-63BFB1396EF3}.Release|Any CPU.ActiveCfg = Release|Any CPU
		{A29318FF-65D1-44D9-B9BC-63BFB1396EF3}.Release|Any CPU.Build.0 = Release|Any CPU
		{C1E14F6E-2209-448C-851A-BCEE9C0180A9}.Debug|Any CPU.ActiveCfg = Debug|Any CPU
		{C1E14F6E-2209-448C-851A-BCEE9C0180A9}.Debug|Any CPU.Build.0 = Debug|Any CPU
		{C1E14F6E-2209-448C-851A-BCEE9C0180A9}.Release|Any CPU.ActiveCfg = Release|Any CPU
		{C1E14F6E-2209-448C-851A-BCEE9C0180A9}.Release|Any CPU.Build.0 = Release|Any CPU
		{82798120-B454-4067-AD57-4C431C73D307}.Debug|Any CPU.ActiveCfg = Debug|Any CPU
		{82798120-B454-4067-AD57-4C431C73D307}.Debug|Any CPU.Build.0 = Debug|Any CPU
		{82798120-B454-4067-AD57-4C431C73D307}.Release|Any CPU.ActiveCfg = Release|Any CPU
		{82798120-B454-4067-AD57-4C431C73D307}.Release|Any CPU.Build.0 = Release|Any CPU
		{FB00F6C8-2C12-40AC-8A03-9F14390BD390}.Debug|Any CPU.ActiveCfg = Debug|Any CPU
		{FB00F6C8-2C12-40AC-8A03-9F14390BD390}.Debug|Any CPU.Build.0 = Debug|Any CPU
		{FB00F6C8-2C12-40AC-8A03-9F14390BD390}.Release|Any CPU.ActiveCfg = Release|Any CPU
		{FB00F6C8-2C12-40AC-8A03-9F14390BD390}.Release|Any CPU.Build.0 = Release|Any CPU
		{C88FB1D2-189B-4BB3-9474-ADB46A27A01E}.Debug|Any CPU.ActiveCfg = Debug|Any CPU
		{C88FB1D2-189B-4BB3-9474-ADB46A27A01E}.Debug|Any CPU.Build.0 = Debug|Any CPU
		{C88FB1D2-189B-4BB3-9474-ADB46A27A01E}.Release|Any CPU.ActiveCfg = Release|Any CPU
		{C88FB1D2-189B-4BB3-9474-ADB46A27A01E}.Release|Any CPU.Build.0 = Release|Any CPU
		{9786C209-1A20-4BF5-8603-A469A26EFB1D}.Debug|Any CPU.ActiveCfg = Debug|Any CPU
		{9786C209-1A20-4BF5-8603-A469A26EFB1D}.Debug|Any CPU.Build.0 = Debug|Any CPU
		{9786C209-1A20-4BF5-8603-A469A26EFB1D}.Release|Any CPU.ActiveCfg = Release|Any CPU
		{9786C209-1A20-4BF5-8603-A469A26EFB1D}.Release|Any CPU.Build.0 = Release|Any CPU
		{A3A2F250-90C7-4E45-B711-9977E24B705B}.Debug|Any CPU.ActiveCfg = Debug|Any CPU
		{A3A2F250-90C7-4E45-B711-9977E24B705B}.Debug|Any CPU.Build.0 = Debug|Any CPU
		{A3A2F250-90C7-4E45-B711-9977E24B705B}.Release|Any CPU.ActiveCfg = Release|Any CPU
		{A3A2F250-90C7-4E45-B711-9977E24B705B}.Release|Any CPU.Build.0 = Release|Any CPU
		{127C0B6E-C86D-4297-AF94-A5910360598E}.Debug|Any CPU.ActiveCfg = Debug|Any CPU
		{127C0B6E-C86D-4297-AF94-A5910360598E}.Debug|Any CPU.Build.0 = Debug|Any CPU
		{127C0B6E-C86D-4297-AF94-A5910360598E}.Release|Any CPU.ActiveCfg = Release|Any CPU
		{127C0B6E-C86D-4297-AF94-A5910360598E}.Release|Any CPU.Build.0 = Release|Any CPU
		{FBEF6C46-3209-46A2-8EBF-7C48EE362725}.Debug|Any CPU.ActiveCfg = Debug|Any CPU
		{FBEF6C46-3209-46A2-8EBF-7C48EE362725}.Debug|Any CPU.Build.0 = Debug|Any CPU
		{FBEF6C46-3209-46A2-8EBF-7C48EE362725}.Release|Any CPU.ActiveCfg = Release|Any CPU
		{FBEF6C46-3209-46A2-8EBF-7C48EE362725}.Release|Any CPU.Build.0 = Release|Any CPU
		{EB92564B-D20A-40F0-A301-430656DCA25A}.Debug|Any CPU.ActiveCfg = Debug|Any CPU
		{EB92564B-D20A-40F0-A301-430656DCA25A}.Debug|Any CPU.Build.0 = Debug|Any CPU
		{EB92564B-D20A-40F0-A301-430656DCA25A}.Release|Any CPU.ActiveCfg = Release|Any CPU
		{EB92564B-D20A-40F0-A301-430656DCA25A}.Release|Any CPU.Build.0 = Release|Any CPU
		{43433B6B-FC89-4A54-8707-7E77680A4B73}.Debug|Any CPU.ActiveCfg = Debug|Any CPU
		{43433B6B-FC89-4A54-8707-7E77680A4B73}.Debug|Any CPU.Build.0 = Debug|Any CPU
		{43433B6B-FC89-4A54-8707-7E77680A4B73}.Release|Any CPU.ActiveCfg = Release|Any CPU
		{43433B6B-FC89-4A54-8707-7E77680A4B73}.Release|Any CPU.Build.0 = Release|Any CPU
		{223C8BB5-6AE5-4F58-AE78-E571EA83FCE3}.Debug|Any CPU.ActiveCfg = Debug|Any CPU
		{223C8BB5-6AE5-4F58-AE78-E571EA83FCE3}.Debug|Any CPU.Build.0 = Debug|Any CPU
		{223C8BB5-6AE5-4F58-AE78-E571EA83FCE3}.Release|Any CPU.ActiveCfg = Release|Any CPU
		{223C8BB5-6AE5-4F58-AE78-E571EA83FCE3}.Release|Any CPU.Build.0 = Release|Any CPU
		{8EDA805C-9CD9-4C60-973A-4EC155C5330B}.Debug|Any CPU.ActiveCfg = Debug|Any CPU
		{8EDA805C-9CD9-4C60-973A-4EC155C5330B}.Debug|Any CPU.Build.0 = Debug|Any CPU
		{8EDA805C-9CD9-4C60-973A-4EC155C5330B}.Release|Any CPU.ActiveCfg = Release|Any CPU
		{8EDA805C-9CD9-4C60-973A-4EC155C5330B}.Release|Any CPU.Build.0 = Release|Any CPU
		{C11B5B01-28D5-4E8B-B3C0-1E9C6895DD31}.Debug|Any CPU.ActiveCfg = Debug|Any CPU
		{C11B5B01-28D5-4E8B-B3C0-1E9C6895DD31}.Debug|Any CPU.Build.0 = Debug|Any CPU
		{C11B5B01-28D5-4E8B-B3C0-1E9C6895DD31}.Release|Any CPU.ActiveCfg = Release|Any CPU
		{C11B5B01-28D5-4E8B-B3C0-1E9C6895DD31}.Release|Any CPU.Build.0 = Release|Any CPU
		{BB59443E-55A2-46FF-A9FB-956A18544392}.Debug|Any CPU.ActiveCfg = Debug|Any CPU
		{BB59443E-55A2-46FF-A9FB-956A18544392}.Debug|Any CPU.Build.0 = Debug|Any CPU
		{BB59443E-55A2-46FF-A9FB-956A18544392}.Release|Any CPU.ActiveCfg = Release|Any CPU
		{BB59443E-55A2-46FF-A9FB-956A18544392}.Release|Any CPU.Build.0 = Release|Any CPU
		{7F63E6C1-E6A4-47CF-8336-88F94993BE05}.Debug|Any CPU.ActiveCfg = Debug|Any CPU
		{7F63E6C1-E6A4-47CF-8336-88F94993BE05}.Debug|Any CPU.Build.0 = Debug|Any CPU
		{7F63E6C1-E6A4-47CF-8336-88F94993BE05}.Release|Any CPU.ActiveCfg = Release|Any CPU
		{7F63E6C1-E6A4-47CF-8336-88F94993BE05}.Release|Any CPU.Build.0 = Release|Any CPU
		{8491500F-233A-4862-A06D-0A5F3648208F}.Debug|Any CPU.ActiveCfg = Debug|Any CPU
		{8491500F-233A-4862-A06D-0A5F3648208F}.Debug|Any CPU.Build.0 = Debug|Any CPU
		{8491500F-233A-4862-A06D-0A5F3648208F}.Release|Any CPU.ActiveCfg = Release|Any CPU
		{8491500F-233A-4862-A06D-0A5F3648208F}.Release|Any CPU.Build.0 = Release|Any CPU
		{0A112748-C822-4407-A93D-F9C04683222D}.Debug|Any CPU.ActiveCfg = Debug|Any CPU
		{0A112748-C822-4407-A93D-F9C04683222D}.Debug|Any CPU.Build.0 = Debug|Any CPU
		{0A112748-C822-4407-A93D-F9C04683222D}.Release|Any CPU.ActiveCfg = Release|Any CPU
		{0A112748-C822-4407-A93D-F9C04683222D}.Release|Any CPU.Build.0 = Release|Any CPU
		{C073B21F-992A-4A61-B7E1-5D8221305EE0}.Debug|Any CPU.ActiveCfg = Debug|Any CPU
		{C073B21F-992A-4A61-B7E1-5D8221305EE0}.Debug|Any CPU.Build.0 = Debug|Any CPU
		{C073B21F-992A-4A61-B7E1-5D8221305EE0}.Release|Any CPU.ActiveCfg = Release|Any CPU
		{C073B21F-992A-4A61-B7E1-5D8221305EE0}.Release|Any CPU.Build.0 = Release|Any CPU
		{9F1129A0-2938-4A7F-9EB1-B27347DD2CB3}.Debug|Any CPU.ActiveCfg = Debug|Any CPU
		{9F1129A0-2938-4A7F-9EB1-B27347DD2CB3}.Debug|Any CPU.Build.0 = Debug|Any CPU
		{9F1129A0-2938-4A7F-9EB1-B27347DD2CB3}.Release|Any CPU.ActiveCfg = Release|Any CPU
		{9F1129A0-2938-4A7F-9EB1-B27347DD2CB3}.Release|Any CPU.Build.0 = Release|Any CPU
	EndGlobalSection
	GlobalSection(SolutionProperties) = preSolution
		HideSolutionNode = FALSE
	EndGlobalSection
	GlobalSection(ExtensibilityGlobals) = postSolution
		SolutionGuid = {2EE30CA2-C11E-4E6F-B35F-875A612AD8D6}
	EndGlobalSection
EndGlobal
